# target|file|TEST count|EXPECT/ASSERT count — written by tools/check_oracle_tests.sh --update. Counts may only
# grow silently; a reduction must be re-locked deliberately, in a commit that says why (PRINCIPLES.md P11).
swaps_consistency_tests|aad_test.cpp|4|11
swaps_consistency_tests|calibration_test.cpp|3|8
swaps_consistency_tests|compiled_residual_test.cpp|2|5
swaps_consistency_tests|generic_cashflow_test.cpp|6|14
swaps_consistency_tests|migration_guard_test.cpp|2|8
swaps_consistency_tests|portfolio_test.cpp|1|3
swaps_consistency_tests|risk_test.cpp|2|4
swaps_consistency_tests|spread_test.cpp|3|6
swaps_consistency_tests|streaming_test.cpp|3|7
swaps_consistency_tests|tension_regularizer_oracle_test.cpp|2|8
swaps_oracle_tests|asset_swap_oracle_test.cpp|2|22
swaps_oracle_tests|bond_asset_swap_oracle.cpp|1|2
swaps_oracle_tests|bond_oracle_test.cpp|6|29
swaps_oracle_tests|bond_rv_oracle_test.cpp|5|58
swaps_oracle_tests|bspline_oracle_test.cpp|2|3
swaps_oracle_tests|bundle_test.cpp|9|19
swaps_oracle_tests|calendar_ql_oracle_test.cpp|1|2
swaps_oracle_tests|calibration_oracle_test.cpp|2|6
swaps_oracle_tests|conventions_test.cpp|10|54
swaps_oracle_tests|convexity_test.cpp|3|4
swaps_oracle_tests|extract_test.cpp|9|43
swaps_oracle_tests|modular_curve_test.cpp|3|8
swaps_oracle_tests|monotone_cubic_oracle_test.cpp|2|2
swaps_oracle_tests|multicurrency_test.cpp|39|100
swaps_oracle_tests|ois_weekend_test.cpp|2|12
swaps_oracle_tests|pricing_test.cpp|5|13
swaps_oracle_tests|rfr_coupon_oracle_test.cpp|3|7
swaps_oracle_tests|risk_ladder_oracle_test.cpp|6|33
swaps_oracle_tests|sabr_ql_oracle_test.cpp|1|1
swaps_oracle_tests|scenario_oracle_test.cpp|3|33
swaps_oracle_tests|scheme_value_oracle_test.cpp|1|2
swaps_oracle_tests|tension_oracle_test.cpp|1|2
swaps_oracle_tests|turns_oracle_test.cpp|2|2
swaps_oracle_tests|vol_bachelier_ql_oracle.cpp|3|6
